
Microsoft Visual Studio Solution File, Format Version 12.00
# Visual Studio Version 16
VisualStudioVersion = 16.0.30804.86
MinimumVisualStudioVersion = 10.0.40219.1
Project("{FAE04EC0-301F-11D3-BF4B-00C04F79EFBC}") = "oop_intro", "oop_intro\oop_intro.csproj", "{D9F14C14-BFE6-4F50-93A2-F07B4D79E901}"
EndProject
Global
	GlobalSection(SolutionConfigurationPlatforms) = preSolution
		Debug|Any CPU = Debug|Any CPU
		Release|Any CPU = Release|Any CPU
	EndGlobalSection
	GlobalSection(ProjectConfigurationPlatforms) = postSolution
		{D9F14C14-BFE6-4F50-93A2-F07B4D79E901}.Debug|Any CPU.ActiveCfg = Debug|Any CPU
		{D9F14C14-BFE6-4F50-93A2-F07B4D79E901}.Debug|Any CPU.Build.0 = Debug|Any CPU
		{D9F14C14-BFE6-4F50-93A2-F07B4D79E901}.Release|Any CPU.ActiveCfg = Release|Any CPU
		{D9F14C14-BFE6-4F50-93A2-F07B4D79E901}.Release|Any CPU.Build.0 = Release|Any CPU
	EndGlobalSection
	GlobalSection(SolutionProperties) = preSolution
		HideSolutionNode = FALSE
	EndGlobalSection
	GlobalSection(ExtensibilityGlobals) = postSolution
		SolutionGuid = {BD1DF40C-C3AB-4F35-8A45-FC41F11B665B}
	EndGlobalSection
EndGlobal
